
Microsoft Visual Studio Solution File, Format Version 12.00
# Visual Studio Version 17
VisualStudioVersion = 17.7.34202.233
MinimumVisualStudioVersion = 10.0.40219.1
Project("{9A19103F-16F7-4668-BE54-9A1E7A4F7556}") = "RACE", "RACE\RACE.csproj", "{9F81ACC8-C7F9-4B9A-BFD3-991C2183DA6B}"
EndProject
Project("{54435603-DBB4-11D2-8724-00A0C9A8B90C}") = "Setup", "Setup\Setup.vdproj", "{D69F876B-920B-41AF-A129-2CFF8C5FC829}"
EndProject
Global
	GlobalSection(SolutionConfigurationPlatforms) = preSolution
		Debug|Any CPU = Debug|Any CPU
		Release|Any CPU = Release|Any CPU
	EndGlobalSection
	GlobalSection(ProjectConfigurationPlatforms) = postSolution
		{9F81ACC8-C7F9-4B9A-BFD3-991C2183DA6B}.Debug|Any CPU.ActiveCfg = Debug|Any CPU
		{9F81ACC8-C7F9-4B9A-BFD3-991C2183DA6B}.Debug|Any CPU.Build.0 = Debug|Any CPU
		{9F81ACC8-C7F9-4B9A-BFD3-991C2183DA6B}.Release|Any CPU.ActiveCfg = Release|Any CPU
		{9F81ACC8-C7F9-4B9A-BFD3-991C2183DA6B}.Release|Any CPU.Build.0 = Release|Any CPU
		{D69F876B-920B-41AF-A129-2CFF8C5FC829}.Debug|Any CPU.ActiveCfg = Debug
		{D69F876B-920B-41AF-A129-2CFF8C5FC829}.Release|Any CPU.ActiveCfg = Release
	EndGlobalSection
	GlobalSection(SolutionProperties) = preSolution
		HideSolutionNode = FALSE
	EndGlobalSection
	GlobalSection(ExtensibilityGlobals) = postSolution
		SolutionGuid = {61E76C94-B36E-4FE0-9554-BF508A647BC2}
	EndGlobalSection
EndGlobal
